
Microsoft Visual Studio Solution File, Format Version 12.00
# Visual Studio Version 16
VisualStudioVersion = 16.0.29920.165
MinimumVisualStudioVersion = 10.0.40219.1
Project("{2150E333-8FDC-42A3-9474-1A3956D46DE8}") = "1 - Presentation", "1 - Presentation", "{AC58FB43-923E-4E8C-9BD9-F428061B3F65}"
EndProject
Project("{2150E333-8FDC-42A3-9474-1A3956D46DE8}") = "2 - Application", "2 - Application", "{2A1FCBC0-5564-4D80-AE0A-DDE5C0C2B209}"
EndProject
Project("{2150E333-8FDC-42A3-9474-1A3956D46DE8}") = "3 - Domain", "3 - Domain", "{809BDB69-2D52-41B3-A5CB-576CE40D39DE}"
EndProject
Project("{2150E333-8FDC-42A3-9474-1A3956D46DE8}") = "4 - Infrastructure", "4 - Infrastructure", "{782ACC9C-DD30-44AF-B04C-EB91CD88C71C}"
EndProject
Project("{9A19103F-16F7-4668-BE54-9A1E7A4F7556}") = "AcademiaFit.Domain", "src\AcademiaFit.Domain\AcademiaFit.Domain.csproj", "{90D374D1-AE79-4CF7-B660-3B0F70917DA3}"
EndProject
Project("{9A19103F-16F7-4668-BE54-9A1E7A4F7556}") = "AcademiaFit.Domain.Services", "src\AcademiaFit.Domain.Services\AcademiaFit.Domain.Services.csproj", "{22961A38-F058-47FC-89E3-3CB4CC22D8B5}"
EndProject
Project("{9A19103F-16F7-4668-BE54-9A1E7A4F7556}") = "AcademiaFit.Infrastructure.Data", "src\AcademiaFit.Infrastructure\AcademiaFit.Infrastructure.Data.csproj", "{74AD21F7-9572-494F-BF6E-C4218DB1F985}"
EndProject
Project("{9A19103F-16F7-4668-BE54-9A1E7A4F7556}") = "AcademiaFit.UI", "src\AcademiaFit.UI\AcademiaFit.UI.csproj", "{B221459A-A85E-4699-819E-7EFFAA35BF11}"
EndProject
Project("{9A19103F-16F7-4668-BE54-9A1E7A4F7556}") = "AcademiaFit.Application", "src\AcademiaFit.Application\AcademiaFit.Application.csproj", "{343DC0FC-DE31-4145-B55F-55132B4E80D2}"
EndProject
Project("{9A19103F-16F7-4668-BE54-9A1E7A4F7556}") = "AcademiaFit.Application.ViewModels", "src\AcademiaFit.Application.ViewModels\AcademiaFit.Application.ViewModels.csproj", "{34772ABA-5F29-4252-9B49-BE186E83A1F6}"
EndProject
Project("{9A19103F-16F7-4668-BE54-9A1E7A4F7556}") = "AcademiaFit.Infrastructure.Data.AutoMapper", "src\AcademiaFit.Infrastructure.AutoMapper\AcademiaFit.Infrastructure.Data.AutoMapper.csproj", "{3DBBC42C-AF1E-4EEE-BF5B-72A69052279B}"
EndProject
Project("{2150E333-8FDC-42A3-9474-1A3956D46DE8}") = "4.1 - Data", "4.1 - Data", "{9D6C4888-56CF-4F24-B290-A7530E122532}"
EndProject
Project("{2150E333-8FDC-42A3-9474-1A3956D46DE8}") = "4.2 - CrossCutting", "4.2 - CrossCutting", "{2FBC9B14-B60C-4D79-B88F-905E8392FA9E}"
EndProject
Project("{FAE04EC0-301F-11D3-BF4B-00C04F79EFBC}") = "AcademiaFit.Infrastructure.CrossCutting", "src\AcademiaFit.Infrastructure.CrossCutting\AcademiaFit.Infrastructure.CrossCutting.csproj", "{23AB56B4-DB0C-4AE8-B599-B6D535932130}"
EndProject
Global
	GlobalSection(SolutionConfigurationPlatforms) = preSolution
		Debug|Any CPU = Debug|Any CPU
		Release|Any CPU = Release|Any CPU
	EndGlobalSection
	GlobalSection(ProjectConfigurationPlatforms) = postSolution
		{90D374D1-AE79-4CF7-B660-3B0F70917DA3}.Debug|Any CPU.ActiveCfg = Debug|Any CPU
		{90D374D1-AE79-4CF7-B660-3B0F70917DA3}.Debug|Any CPU.Build.0 = Debug|Any CPU
		{90D374D1-AE79-4CF7-B660-3B0F70917DA3}.Release|Any CPU.ActiveCfg = Release|Any CPU
		{90D374D1-AE79-4CF7-B660-3B0F70917DA3}.Release|Any CPU.Build.0 = Release|Any CPU
		{22961A38-F058-47FC-89E3-3CB4CC22D8B5}.Debug|Any CPU.ActiveCfg = Debug|Any CPU
		{22961A38-F058-47FC-89E3-3CB4CC22D8B5}.Debug|Any CPU.Build.0 = Debug|Any CPU
		{22961A38-F058-47FC-89E3-3CB4CC22D8B5}.Release|Any CPU.ActiveCfg = Release|Any CPU
		{22961A38-F058-47FC-89E3-3CB4CC22D8B5}.Release|Any CPU.Build.0 = Release|Any CPU
		{74AD21F7-9572-494F-BF6E-C4218DB1F985}.Debug|Any CPU.ActiveCfg = Debug|Any CPU
		{74AD21F7-9572-494F-BF6E-C4218DB1F985}.Debug|Any CPU.Build.0 = Debug|Any CPU
		{74AD21F7-9572-494F-BF6E-C4218DB1F985}.Release|Any CPU.ActiveCfg = Release|Any CPU
		{74AD21F7-9572-494F-BF6E-C4218DB1F985}.Release|Any CPU.Build.0 = Release|Any CPU
		{B221459A-A85E-4699-819E-7EFFAA35BF11}.Debug|Any CPU.ActiveCfg = Debug|Any CPU
		{B221459A-A85E-4699-819E-7EFFAA35BF11}.Debug|Any CPU.Build.0 = Debug|Any CPU
		{B221459A-A85E-4699-819E-7EFFAA35BF11}.Release|Any CPU.ActiveCfg = Release|Any CPU
		{B221459A-A85E-4699-819E-7EFFAA35BF11}.Release|Any CPU.Build.0 = Release|Any CPU
		{343DC0FC-DE31-4145-B55F-55132B4E80D2}.Debug|Any CPU.ActiveCfg = Debug|Any CPU
		{343DC0FC-DE31-4145-B55F-55132B4E80D2}.Debug|Any CPU.Build.0 = Debug|Any CPU
		{343DC0FC-DE31-4145-B55F-55132B4E80D2}.Release|Any CPU.ActiveCfg = Release|Any CPU
		{343DC0FC-DE31-4145-B55F-55132B4E80D2}.Release|Any CPU.Build.0 = Release|Any CPU
		{34772ABA-5F29-4252-9B49-BE186E83A1F6}.Debug|Any CPU.ActiveCfg = Debug|Any CPU
		{34772ABA-5F29-4252-9B49-BE186E83A1F6}.Debug|Any CPU.Build.0 = Debug|Any CPU
		{34772ABA-5F29-4252-9B49-BE186E83A1F6}.Release|Any CPU.ActiveCfg = Release|Any CPU
		{34772ABA-5F29-4252-9B49-BE186E83A1F6}.Release|Any CPU.Build.0 = Release|Any CPU
		{3DBBC42C-AF1E-4EEE-BF5B-72A69052279B}.Debug|Any CPU.ActiveCfg = Debug|Any CPU
		{3DBBC42C-AF1E-4EEE-BF5B-72A69052279B}.Debug|Any CPU.Build.0 = Debug|Any CPU
		{3DBBC42C-AF1E-4EEE-BF5B-72A69052279B}.Release|Any CPU.ActiveCfg = Release|Any CPU
		{3DBBC42C-AF1E-4EEE-BF5B-72A69052279B}.Release|Any CPU.Build.0 = Release|Any CPU
		{23AB56B4-DB0C-4AE8-B599-B6D535932130}.Debug|Any CPU.ActiveCfg = Debug|Any CPU
		{23AB56B4-DB0C-4AE8-B599-B6D535932130}.Debug|Any CPU.Build.0 = Debug|Any CPU
		{23AB56B4-DB0C-4AE8-B599-B6D535932130}.Release|Any CPU.ActiveCfg = Release|Any CPU
		{23AB56B4-DB0C-4AE8-B599-B6D535932130}.Release|Any CPU.Build.0 = Release|Any CPU
	EndGlobalSection
	GlobalSection(SolutionProperties) = preSolution
		HideSolutionNode = FALSE
	EndGlobalSection
	GlobalSection(NestedProjects) = preSolution
		{90D374D1-AE79-4CF7-B660-3B0F70917DA3} = {809BDB69-2D52-41B3-A5CB-576CE40D39DE}
		{22961A38-F058-47FC-89E3-3CB4CC22D8B5} = {809BDB69-2D52-41B3-A5CB-576CE40D39DE}
		{74AD21F7-9572-494F-BF6E-C4218DB1F985} = {9D6C4888-56CF-4F24-B290-A7530E122532}
		{B221459A-A85E-4699-819E-7EFFAA35BF11} = {AC58FB43-923E-4E8C-9BD9-F428061B3F65}
		{343DC0FC-DE31-4145-B55F-55132B4E80D2} = {2A1FCBC0-5564-4D80-AE0A-DDE5C0C2B209}
		{34772ABA-5F29-4252-9B49-BE186E83A1F6} = {2A1FCBC0-5564-4D80-AE0A-DDE5C0C2B209}
		{3DBBC42C-AF1E-4EEE-BF5B-72A69052279B} = {9D6C4888-56CF-4F24-B290-A7530E122532}
		{9D6C4888-56CF-4F24-B290-A7530E122532} = {782ACC9C-DD30-44AF-B04C-EB91CD88C71C}
		{2FBC9B14-B60C-4D79-B88F-905E8392FA9E} = {782ACC9C-DD30-44AF-B04C-EB91CD88C71C}
		{23AB56B4-DB0C-4AE8-B599-B6D535932130} = {2FBC9B14-B60C-4D79-B88F-905E8392FA9E}
	EndGlobalSection
	GlobalSection(ExtensibilityGlobals) = postSolution
		SolutionGuid = {FDFFF816-0DB9-4815-AA19-BD4E9BB5DCEF}
	EndGlobalSection
EndGlobal
